
Microsoft Visual Studio Solution File, Format Version 12.00
# Visual Studio Version 17
VisualStudioVersion = 17.9.34723.18
MinimumVisualStudioVersion = 10.0.40219.1
Project("{FAE04EC0-301F-11D3-BF4B-00C04F79EFBC}") = "AccessModifiers02.04", "AccessModifiers02.04\AccessModifiers02.04.csproj", "{A8089DB6-32FD-4CE1-B442-3FA4079B8CC4}"
EndProject
Global
	GlobalSection(SolutionConfigurationPlatforms) = preSolution
		Debug|Any CPU = Debug|Any CPU
		Release|Any CPU = Release|Any CPU
	EndGlobalSection
	GlobalSection(ProjectConfigurationPlatforms) = postSolution
		{A8089DB6-32FD-4CE1-B442-3FA4079B8CC4}.Debug|Any CPU.ActiveCfg = Debug|Any CPU
		{A8089DB6-32FD-4CE1-B442-3FA4079B8CC4}.Debug|Any CPU.Build.0 = Debug|Any CPU
		{A8089DB6-32FD-4CE1-B442-3FA4079B8CC4}.Release|Any CPU.ActiveCfg = Release|Any CPU
		{A8089DB6-32FD-4CE1-B442-3FA4079B8CC4}.Release|Any CPU.Build.0 = Release|Any CPU
	EndGlobalSection
	GlobalSection(SolutionProperties) = preSolution
		HideSolutionNode = FALSE
	EndGlobalSection
	GlobalSection(ExtensibilityGlobals) = postSolution
		SolutionGuid = {7121998E-C313-49FA-803A-D70C144D4789}
	EndGlobalSection
EndGlobal
